
Microsoft Visual Studio Solution File, Format Version 12.00
# Visual Studio 15
VisualStudioVersion = 15.0.26124.0
MinimumVisualStudioVersion = 15.0.26124.0
Project("{2150E333-8FDC-42A3-9474-1A3956D46DE8}") = "source", "source", "{2CF1730B-5141-4C66-92C2-878BF413C373}"
EndProject
Project("{FAE04EC0-301F-11D3-BF4B-00C04F79EFBC}") = "Microsoft.Identity.Client.XamarinAndroid.AndroidX", "..\source\Microsoft.Identity.Client.XamarinAndroid.AndroidX\Microsoft.Identity.Client.XamarinAndroid.AndroidX.csproj", "{285F94B0-DF51-40C9-8AB8-009BE5AA8FE4}"
EndProject
Project("{FAE04EC0-301F-11D3-BF4B-00C04F79EFBC}") = "Microsoft.Identity.Client.XamarinAndroid.AndroidSupport", "..\source\Microsoft.Identity.Client.XamarinAndroid.AndroidSupport\Microsoft.Identity.Client.XamarinAndroid.AndroidSupport.csproj", "{72B9D7B6-4E89-499C-ACED-F7BBFABFD0D8}"
EndProject
Project("{FAE04EC0-301F-11D3-BF4B-00C04F79EFBC}") = "MSAL.XamarinForms.Android", "MSAL.XamarinForms.Android\MSAL.XamarinForms.Android.csproj", "{43D71339-2856-40F7-92B6-FAE265303FF7}"
EndProject
Project("{FAE04EC0-301F-11D3-BF4B-00C04F79EFBC}") = "MSAL.XamarinForms.iOS", "MSAL.XamarinForms.iOS\MSAL.XamarinForms.iOS.csproj", "{7657878D-D715-450C-9DF3-5732B021A092}"
EndProject
Project("{FAE04EC0-301F-11D3-BF4B-00C04F79EFBC}") = "MSAL.XamarinForms", "MSAL.XamarinForms\MSAL.XamarinForms.csproj", "{1D28849F-8B6B-4F66-9CF9-4B1AE757C400}"
EndProject
Global
	GlobalSection(SolutionConfigurationPlatforms) = preSolution
		Debug|Any CPU = Debug|Any CPU
		Debug|x64 = Debug|x64
		Debug|x86 = Debug|x86
		Release|Any CPU = Release|Any CPU
		Release|x64 = Release|x64
		Release|x86 = Release|x86
		Debug|iPhoneSimulator = Debug|iPhoneSimulator
		Release|iPhoneSimulator = Release|iPhoneSimulator
		Debug|iPhone = Debug|iPhone
		Release|iPhone = Release|iPhone
	EndGlobalSection
	GlobalSection(SolutionProperties) = preSolution
		HideSolutionNode = FALSE
	EndGlobalSection
	GlobalSection(ProjectConfigurationPlatforms) = postSolution
		{285F94B0-DF51-40C9-8AB8-009BE5AA8FE4}.Debug|Any CPU.ActiveCfg = Debug|Any CPU
		{285F94B0-DF51-40C9-8AB8-009BE5AA8FE4}.Debug|Any CPU.Build.0 = Debug|Any CPU
		{285F94B0-DF51-40C9-8AB8-009BE5AA8FE4}.Debug|x64.ActiveCfg = Debug|Any CPU
		{285F94B0-DF51-40C9-8AB8-009BE5AA8FE4}.Debug|x64.Build.0 = Debug|Any CPU
		{285F94B0-DF51-40C9-8AB8-009BE5AA8FE4}.Debug|x86.ActiveCfg = Debug|Any CPU
		{285F94B0-DF51-40C9-8AB8-009BE5AA8FE4}.Debug|x86.Build.0 = Debug|Any CPU
		{285F94B0-DF51-40C9-8AB8-009BE5AA8FE4}.Release|Any CPU.ActiveCfg = Release|Any CPU
		{285F94B0-DF51-40C9-8AB8-009BE5AA8FE4}.Release|Any CPU.Build.0 = Release|Any CPU
		{285F94B0-DF51-40C9-8AB8-009BE5AA8FE4}.Release|x64.ActiveCfg = Release|Any CPU
		{285F94B0-DF51-40C9-8AB8-009BE5AA8FE4}.Release|x64.Build.0 = Release|Any CPU
		{285F94B0-DF51-40C9-8AB8-009BE5AA8FE4}.Release|x86.ActiveCfg = Release|Any CPU
		{285F94B0-DF51-40C9-8AB8-009BE5AA8FE4}.Release|x86.Build.0 = Release|Any CPU
		{285F94B0-DF51-40C9-8AB8-009BE5AA8FE4}.Debug|iPhoneSimulator.ActiveCfg = Debug|Any CPU
		{285F94B0-DF51-40C9-8AB8-009BE5AA8FE4}.Debug|iPhoneSimulator.Build.0 = Debug|Any CPU
		{285F94B0-DF51-40C9-8AB8-009BE5AA8FE4}.Release|iPhoneSimulator.ActiveCfg = Release|Any CPU
		{285F94B0-DF51-40C9-8AB8-009BE5AA8FE4}.Release|iPhoneSimulator.Build.0 = Release|Any CPU
		{285F94B0-DF51-40C9-8AB8-009BE5AA8FE4}.Debug|iPhone.ActiveCfg = Debug|Any CPU
		{285F94B0-DF51-40C9-8AB8-009BE5AA8FE4}.Debug|iPhone.Build.0 = Debug|Any CPU
		{285F94B0-DF51-40C9-8AB8-009BE5AA8FE4}.Release|iPhone.ActiveCfg = Release|Any CPU
		{285F94B0-DF51-40C9-8AB8-009BE5AA8FE4}.Release|iPhone.Build.0 = Release|Any CPU
		{72B9D7B6-4E89-499C-ACED-F7BBFABFD0D8}.Debug|Any CPU.ActiveCfg = Debug|Any CPU
		{72B9D7B6-4E89-499C-ACED-F7BBFABFD0D8}.Debug|Any CPU.Build.0 = Debug|Any CPU
		{72B9D7B6-4E89-499C-ACED-F7BBFABFD0D8}.Debug|x64.ActiveCfg = Debug|Any CPU
		{72B9D7B6-4E89-499C-ACED-F7BBFABFD0D8}.Debug|x64.Build.0 = Debug|Any CPU
		{72B9D7B6-4E89-499C-ACED-F7BBFABFD0D8}.Debug|x86.ActiveCfg = Debug|Any CPU
		{72B9D7B6-4E89-499C-ACED-F7BBFABFD0D8}.Debug|x86.Build.0 = Debug|Any CPU
		{72B9D7B6-4E89-499C-ACED-F7BBFABFD0D8}.Release|Any CPU.ActiveCfg = Release|Any CPU
		{72B9D7B6-4E89-499C-ACED-F7BBFABFD0D8}.Release|Any CPU.Build.0 = Release|Any CPU
		{72B9D7B6-4E89-499C-ACED-F7BBFABFD0D8}.Release|x64.ActiveCfg = Release|Any CPU
		{72B9D7B6-4E89-499C-ACED-F7BBFABFD0D8}.Release|x64.Build.0 = Release|Any CPU
		{72B9D7B6-4E89-499C-ACED-F7BBFABFD0D8}.Release|x86.ActiveCfg = Release|Any CPU
		{72B9D7B6-4E89-499C-ACED-F7BBFABFD0D8}.Release|x86.Build.0 = Release|Any CPU
		{72B9D7B6-4E89-499C-ACED-F7BBFABFD0D8}.Debug|iPhoneSimulator.ActiveCfg = Debug|Any CPU
		{72B9D7B6-4E89-499C-ACED-F7BBFABFD0D8}.Debug|iPhoneSimulator.Build.0 = Debug|Any CPU
		{72B9D7B6-4E89-499C-ACED-F7BBFABFD0D8}.Release|iPhoneSimulator.ActiveCfg = Release|Any CPU
		{72B9D7B6-4E89-499C-ACED-F7BBFABFD0D8}.Release|iPhoneSimulator.Build.0 = Release|Any CPU
		{72B9D7B6-4E89-499C-ACED-F7BBFABFD0D8}.Debug|iPhone.ActiveCfg = Debug|Any CPU
		{72B9D7B6-4E89-499C-ACED-F7BBFABFD0D8}.Debug|iPhone.Build.0 = Debug|Any CPU
		{72B9D7B6-4E89-499C-ACED-F7BBFABFD0D8}.Release|iPhone.ActiveCfg = Release|Any CPU
		{72B9D7B6-4E89-499C-ACED-F7BBFABFD0D8}.Release|iPhone.Build.0 = Release|Any CPU
		{43D71339-2856-40F7-92B6-FAE265303FF7}.Debug|Any CPU.ActiveCfg = Debug|Any CPU
		{43D71339-2856-40F7-92B6-FAE265303FF7}.Debug|Any CPU.Build.0 = Debug|Any CPU
		{43D71339-2856-40F7-92B6-FAE265303FF7}.Debug|x64.ActiveCfg = Debug|Any CPU
		{43D71339-2856-40F7-92B6-FAE265303FF7}.Debug|x64.Build.0 = Debug|Any CPU
		{43D71339-2856-40F7-92B6-FAE265303FF7}.Debug|x86.ActiveCfg = Debug|Any CPU
		{43D71339-2856-40F7-92B6-FAE265303FF7}.Debug|x86.Build.0 = Debug|Any CPU
		{43D71339-2856-40F7-92B6-FAE265303FF7}.Release|Any CPU.ActiveCfg = Release|Any CPU
		{43D71339-2856-40F7-92B6-FAE265303FF7}.Release|Any CPU.Build.0 = Release|Any CPU
		{43D71339-2856-40F7-92B6-FAE265303FF7}.Release|x64.ActiveCfg = Release|Any CPU
		{43D71339-2856-40F7-92B6-FAE265303FF7}.Release|x64.Build.0 = Release|Any CPU
		{43D71339-2856-40F7-92B6-FAE265303FF7}.Release|x86.ActiveCfg = Release|Any CPU
		{43D71339-2856-40F7-92B6-FAE265303FF7}.Release|x86.Build.0 = Release|Any CPU
		{43D71339-2856-40F7-92B6-FAE265303FF7}.Debug|iPhoneSimulator.ActiveCfg = Debug|Any CPU
		{43D71339-2856-40F7-92B6-FAE265303FF7}.Debug|iPhoneSimulator.Build.0 = Debug|Any CPU
		{43D71339-2856-40F7-92B6-FAE265303FF7}.Release|iPhoneSimulator.ActiveCfg = Release|Any CPU
		{43D71339-2856-40F7-92B6-FAE265303FF7}.Release|iPhoneSimulator.Build.0 = Release|Any CPU
		{43D71339-2856-40F7-92B6-FAE265303FF7}.Debug|iPhone.ActiveCfg = Debug|Any CPU
		{43D71339-2856-40F7-92B6-FAE265303FF7}.Debug|iPhone.Build.0 = Debug|Any CPU
		{43D71339-2856-40F7-92B6-FAE265303FF7}.Release|iPhone.ActiveCfg = Release|Any CPU
		{43D71339-2856-40F7-92B6-FAE265303FF7}.Release|iPhone.Build.0 = Release|Any CPU
		{7657878D-D715-450C-9DF3-5732B021A092}.Debug|Any CPU.ActiveCfg = Debug|iPhoneSimulator
		{7657878D-D715-450C-9DF3-5732B021A092}.Debug|Any CPU.Build.0 = Debug|iPhoneSimulator
		{7657878D-D715-450C-9DF3-5732B021A092}.Debug|x64.ActiveCfg = Debug|iPhoneSimulator
		{7657878D-D715-450C-9DF3-5732B021A092}.Debug|x64.Build.0 = Debug|iPhoneSimulator
		{7657878D-D715-450C-9DF3-5732B021A092}.Debug|x86.ActiveCfg = Debug|iPhoneSimulator
		{7657878D-D715-450C-9DF3-5732B021A092}.Debug|x86.Build.0 = Debug|iPhoneSimulator
		{7657878D-D715-450C-9DF3-5732B021A092}.Release|Any CPU.ActiveCfg = Release|iPhoneSimulator
		{7657878D-D715-450C-9DF3-5732B021A092}.Release|Any CPU.Build.0 = Release|iPhoneSimulator
		{7657878D-D715-450C-9DF3-5732B021A092}.Release|x64.ActiveCfg = Release|iPhoneSimulator
		{7657878D-D715-450C-9DF3-5732B021A092}.Release|x64.Build.0 = Release|iPhoneSimulator
		{7657878D-D715-450C-9DF3-5732B021A092}.Release|x86.ActiveCfg = Release|iPhoneSimulator
		{7657878D-D715-450C-9DF3-5732B021A092}.Release|x86.Build.0 = Release|iPhoneSimulator
		{7657878D-D715-450C-9DF3-5732B021A092}.Debug|iPhoneSimulator.ActiveCfg = Debug|iPhoneSimulator
		{7657878D-D715-450C-9DF3-5732B021A092}.Debug|iPhoneSimulator.Build.0 = Debug|iPhoneSimulator
		{7657878D-D715-450C-9DF3-5732B021A092}.Release|iPhoneSimulator.ActiveCfg = Release|iPhoneSimulator
		{7657878D-D715-450C-9DF3-5732B021A092}.Release|iPhoneSimulator.Build.0 = Release|iPhoneSimulator
		{7657878D-D715-450C-9DF3-5732B021A092}.Debug|iPhone.ActiveCfg = Debug|iPhone
		{7657878D-D715-450C-9DF3-5732B021A092}.Debug|iPhone.Build.0 = Debug|iPhone
		{7657878D-D715-450C-9DF3-5732B021A092}.Release|iPhone.ActiveCfg = Release|iPhone
		{7657878D-D715-450C-9DF3-5732B021A092}.Release|iPhone.Build.0 = Release|iPhone
		{1D28849F-8B6B-4F66-9CF9-4B1AE757C400}.Debug|Any CPU.ActiveCfg = Debug|Any CPU
		{1D28849F-8B6B-4F66-9CF9-4B1AE757C400}.Debug|Any CPU.Build.0 = Debug|Any CPU
		{1D28849F-8B6B-4F66-9CF9-4B1AE757C400}.Debug|x64.ActiveCfg = Debug|Any CPU
		{1D28849F-8B6B-4F66-9CF9-4B1AE757C400}.Debug|x64.Build.0 = Debug|Any CPU
		{1D28849F-8B6B-4F66-9CF9-4B1AE757C400}.Debug|x86.ActiveCfg = Debug|Any CPU
		{1D28849F-8B6B-4F66-9CF9-4B1AE757C400}.Debug|x86.Build.0 = Debug|Any CPU
		{1D28849F-8B6B-4F66-9CF9-4B1AE757C400}.Release|Any CPU.ActiveCfg = Release|Any CPU
		{1D28849F-8B6B-4F66-9CF9-4B1AE757C400}.Release|Any CPU.Build.0 = Release|Any CPU
		{1D28849F-8B6B-4F66-9CF9-4B1AE757C400}.Release|x64.ActiveCfg = Release|Any CPU
		{1D28849F-8B6B-4F66-9CF9-4B1AE757C400}.Release|x64.Build.0 = Release|Any CPU
		{1D28849F-8B6B-4F66-9CF9-4B1AE757C400}.Release|x86.ActiveCfg = Release|Any CPU
		{1D28849F-8B6B-4F66-9CF9-4B1AE757C400}.Release|x86.Build.0 = Release|Any CPU
		{1D28849F-8B6B-4F66-9CF9-4B1AE757C400}.Debug|iPhoneSimulator.ActiveCfg = Debug|Any CPU
		{1D28849F-8B6B-4F66-9CF9-4B1AE757C400}.Debug|iPhoneSimulator.Build.0 = Debug|Any CPU
		{1D28849F-8B6B-4F66-9CF9-4B1AE757C400}.Release|iPhoneSimulator.ActiveCfg = Release|Any CPU
		{1D28849F-8B6B-4F66-9CF9-4B1AE757C400}.Release|iPhoneSimulator.Build.0 = Release|Any CPU
		{1D28849F-8B6B-4F66-9CF9-4B1AE757C400}.Debug|iPhone.ActiveCfg = Debug|Any CPU
		{1D28849F-8B6B-4F66-9CF9-4B1AE757C400}.Debug|iPhone.Build.0 = Debug|Any CPU
		{1D28849F-8B6B-4F66-9CF9-4B1AE757C400}.Release|iPhone.ActiveCfg = Release|Any CPU
		{1D28849F-8B6B-4F66-9CF9-4B1AE757C400}.Release|iPhone.Build.0 = Release|Any CPU
	EndGlobalSection
	GlobalSection(NestedProjects) = preSolution
		{285F94B0-DF51-40C9-8AB8-009BE5AA8FE4} = {2CF1730B-5141-4C66-92C2-878BF413C373}
		{72B9D7B6-4E89-499C-ACED-F7BBFABFD0D8} = {2CF1730B-5141-4C66-92C2-878BF413C373}
	EndGlobalSection
EndGlobal
